// !$*UTF8*$!
{
	archiveVersion = 1;
	classes = {
	};
	objectVersion = 48;
	objects = {

/* Begin PBXBuildFile section */
		B4A40EE6200E8AFA008E1FB7 /* Constants.swift in Sources */ = {isa = PBXBuildFile; fileRef = B4A40EE5200E8AFA008E1FB7 /* Constants.swift */; };
		B4B3CC72200C449500C63BAC /* AppDelegate.swift in Sources */ = {isa = PBXBuildFile; fileRef = B4B3CC71200C449500C63BAC /* AppDelegate.swift */; };
		B4B3CC77200C449500C63BAC /* Main.storyboard in Resources */ = {isa = PBXBuildFile; fileRef = B4B3CC75200C449500C63BAC /* Main.storyboard */; };
		B4B3CC79200C449500C63BAC /* Assets.xcassets in Resources */ = {isa = PBXBuildFile; fileRef = B4B3CC78200C449500C63BAC /* Assets.xcassets */; };
		B4B3CC7C200C449500C63BAC /* LaunchScreen.storyboard in Resources */ = {isa = PBXBuildFile; fileRef = B4B3CC7A200C449500C63BAC /* LaunchScreen.storyboard */; };
		B4B7F00C2010E65D00597B06 /* ProgressHUD.bundle in Resources */ = {isa = PBXBuildFile; fileRef = B4B7F00A2010E65C00597B06 /* ProgressHUD.bundle */; };
		B4B7F00D2010E65D00597B06 /* ProgressHUD.m in Sources */ = {isa = PBXBuildFile; fileRef = B4B7F00B2010E65C00597B06 /* ProgressHUD.m */; };
		B4ECD96E200CD5E60013C63C /* LoginVC.swift in Sources */ = {isa = PBXBuildFile; fileRef = B4ECD96D200CD5E60013C63C /* LoginVC.swift */; };
		B4ECD970200CD5FC0013C63C /* SignUpVC.swift in Sources */ = {isa = PBXBuildFile; fileRef = B4ECD96F200CD5FC0013C63C /* SignUpVC.swift */; };
		B4ECD972200CDFF60013C63C /* HomeVC.swift in Sources */ = {isa = PBXBuildFile; fileRef = B4ECD971200CDFF60013C63C /* HomeVC.swift */; };
		B4ECD974200CE0060013C63C /* DiscoverVC.swift in Sources */ = {isa = PBXBuildFile; fileRef = B4ECD973200CE0060013C63C /* DiscoverVC.swift */; };
		B4ECD976200CE0110013C63C /* PostVC.swift in Sources */ = {isa = PBXBuildFile; fileRef = B4ECD975200CE0110013C63C /* PostVC.swift */; };
		B4ECD978200CE01C0013C63C /* ActivityVC.swift in Sources */ = {isa = PBXBuildFile; fileRef = B4ECD977200CE01C0013C63C /* ActivityVC.swift */; };
		B4ECD97A200CE0260013C63C /* ProfileVC.swift in Sources */ = {isa = PBXBuildFile; fileRef = B4ECD979200CE0260013C63C /* ProfileVC.swift */; };
		B4ECD97C200D17E10013C63C /* Start.storyboard in Resources */ = {isa = PBXBuildFile; fileRef = B4ECD97B200D17E10013C63C /* Start.storyboard */; };
		B4ECD97E200D1B380013C63C /* Home.storyboard in Resources */ = {isa = PBXBuildFile; fileRef = B4ECD97D200D1B380013C63C /* Home.storyboard */; };
		B4ECD981200D1B7E0013C63C /* Camera.storyboard in Resources */ = {isa = PBXBuildFile; fileRef = B4ECD97F200D1B7E0013C63C /* Camera.storyboard */; };
		B4ECD983200D1BBA0013C63C /* Discover.storyboard in Resources */ = {isa = PBXBuildFile; fileRef = B4ECD982200D1BBA0013C63C /* Discover.storyboard */; };
		B4ECD985200D1BF60013C63C /* Activity.storyboard in Resources */ = {isa = PBXBuildFile; fileRef = B4ECD984200D1BF60013C63C /* Activity.storyboard */; };
		B4ECD988200D1C270013C63C /* Profile.storyboard in Resources */ = {isa = PBXBuildFile; fileRef = B4ECD986200D1C270013C63C /* Profile.storyboard */; };
		B4ECD98B200D1F230013C63C /* AuthTextfield.swift in Sources */ = {isa = PBXBuildFile; fileRef = B4ECD98A200D1F230013C63C /* AuthTextfield.swift */; };
		B4ECD98D200D20EC0013C63C /* RoundedImage.swift in Sources */ = {isa = PBXBuildFile; fileRef = B4ECD98C200D20EC0013C63C /* RoundedImage.swift */; };
		B4ECD98F200D25570013C63C /* GoogleService-Info.plist in Resources */ = {isa = PBXBuildFile; fileRef = B4ECD98E200D25560013C63C /* GoogleService-Info.plist */; };
		B4ECD991200D2DB40013C63C /* DataService.swift in Sources */ = {isa = PBXBuildFile; fileRef = B4ECD990200D2DB40013C63C /* DataService.swift */; };
		F2EB41C74700AF1B99964F05 /* Pods_InstagramClone.framework in Frameworks */ = {isa = PBXBuildFile; fileRef = 98CD04F95D4C9247B59D1785 /* Pods_InstagramClone.framework */; };
/* End PBXBuildFile section */

/* Begin PBXFileReference section */
		95E3731661D93EDD51A5DCAC /* Pods-InstagramClone.debug.xcconfig */ = {isa = PBXFileReference; includeInIndex = 1; lastKnownFileType = text.xcconfig; name = "Pods-InstagramClone.debug.xcconfig"; path = "Pods/Target Support Files/Pods-InstagramClone/Pods-InstagramClone.debug.xcconfig"; sourceTree = "<group>"; };
		98CD04F95D4C9247B59D1785 /* Pods_InstagramClone.framework */ = {isa = PBXFileReference; explicitFileType = wrapper.framework; includeInIndex = 0; path = Pods_InstagramClone.framework; sourceTree = BUILT_PRODUCTS_DIR; };
		990741996192F3420D0344BD /* Pods-InstagramClone.release.xcconfig */ = {isa = PBXFileReference; includeInIndex = 1; lastKnownFileType = text.xcconfig; name = "Pods-InstagramClone.release.xcconfig"; path = "Pods/Target Support Files/Pods-InstagramClone/Pods-InstagramClone.release.xcconfig"; sourceTree = "<group>"; };
		B4A40EE5200E8AFA008E1FB7 /* Constants.swift */ = {isa = PBXFileReference; lastKnownFileType = sourcecode.swift; path = Constants.swift; sourceTree = "<group>"; };
		B4B3CC6E200C449500C63BAC /* InstagramClone.app */ = {isa = PBXFileReference; explicitFileType = wrapper.application; includeInIndex = 0; path = InstagramClone.app; sourceTree = BUILT_PRODUCTS_DIR; };
		B4B3CC71200C449500C63BAC /* AppDelegate.swift */ = {isa = PBXFileReference; lastKnownFileType = sourcecode.swift; path = AppDelegate.swift; sourceTree = "<group>"; };
		B4B3CC76200C449500C63BAC /* Base */ = {isa = PBXFileReference; lastKnownFileType = file.storyboard; name = Base; path = Base.lproj/Main.storyboard; sourceTree = "<group>"; };
		B4B3CC78200C449500C63BAC /* Assets.xcassets */ = {isa = PBXFileReference; lastKnownFileType = folder.assetcatalog; path = Assets.xcassets; sourceTree = "<group>"; };
		B4B3CC7B200C449500C63BAC /* Base */ = {isa = PBXFileReference; lastKnownFileType = file.storyboard; name = Base; path = Base.lproj/LaunchScreen.storyboard; sourceTree = "<group>"; };
		B4B3CC7D200C449500C63BAC /* Info.plist */ = {isa = PBXFileReference; lastKnownFileType = text.plist.xml; path = Info.plist; sourceTree = "<group>"; };
		B4B7F0082010E65B00597B06 /* InstagramClone-Bridging-Header.h */ = {isa = PBXFileReference; lastKnownFileType = sourcecode.c.h; path = "InstagramClone-Bridging-Header.h"; sourceTree = "<group>"; };
		B4B7F0092010E65C00597B06 /* ProgressHUD.h */ = {isa = PBXFileReference; fileEncoding = 4; lastKnownFileType = sourcecode.c.h; path = ProgressHUD.h; sourceTree = "<group>"; };
		B4B7F00A2010E65C00597B06 /* ProgressHUD.bundle */ = {isa = PBXFileReference; lastKnownFileType = "wrapper.plug-in"; path = ProgressHUD.bundle; sourceTree = "<group>"; };
		B4B7F00B2010E65C00597B06 /* ProgressHUD.m */ = {isa = PBXFileReference; fileEncoding = 4; lastKnownFileType = sourcecode.c.objc; path = ProgressHUD.m; sourceTree = "<group>"; };
		B4ECD96D200CD5E60013C63C /* LoginVC.swift */ = {isa = PBXFileReference; lastKnownFileType = sourcecode.swift; path = LoginVC.swift; sourceTree = "<group>"; };
		B4ECD96F200CD5FC0013C63C /* SignUpVC.swift */ = {isa = PBXFileReference; lastKnownFileType = sourcecode.swift; path = SignUpVC.swift; sourceTree = "<group>"; };
		B4ECD971200CDFF60013C63C /* HomeVC.swift */ = {isa = PBXFileReference; lastKnownFileType = sourcecode.swift; path = HomeVC.swift; sourceTree = "<group>"; };
		B4ECD973200CE0060013C63C /* DiscoverVC.swift */ = {isa = PBXFileReference; lastKnownFileType = sourcecode.swift; path = DiscoverVC.swift; sourceTree = "<group>"; };
		B4ECD975200CE0110013C63C /* PostVC.swift */ = {isa = PBXFileReference; lastKnownFileType = sourcecode.swift; path = PostVC.swift; sourceTree = "<group>"; };
		B4ECD977200CE01C0013C63C /* ActivityVC.swift */ = {isa = PBXFileReference; lastKnownFileType = sourcecode.swift; path = ActivityVC.swift; sourceTree = "<group>"; };
		B4ECD979200CE0260013C63C /* ProfileVC.swift */ = {isa = PBXFileReference; lastKnownFileType = sourcecode.swift; path = ProfileVC.swift; sourceTree = "<group>"; };
		B4ECD97B200D17E10013C63C /* Start.storyboard */ = {isa = PBXFileReference; fileEncoding = 4; lastKnownFileType = file.storyboard; path = Start.storyboard; sourceTree = "<group>"; };
		B4ECD97D200D1B380013C63C /* Home.storyboard */ = {isa = PBXFileReference; fileEncoding = 4; lastKnownFileType = file.storyboard; path = Home.storyboard; sourceTree = "<group>"; };
		B4ECD980200D1B7E0013C63C /* Base */ = {isa = PBXFileReference; lastKnownFileType = file.storyboard; name = Base; path = InstagramClone/Base.lproj/Camera.storyboard; sourceTree = "<group>"; };
		B4ECD982200D1BBA0013C63C /* Discover.storyboard */ = {isa = PBXFileReference; fileEncoding = 4; lastKnownFileType = file.storyboard; path = Discover.storyboard; sourceTree = "<group>"; };
		B4ECD984200D1BF60013C63C /* Activity.storyboard */ = {isa = PBXFileReference; fileEncoding = 4; lastKnownFileType = file.storyboard; path = Activity.storyboard; sourceTree = "<group>"; };
		B4ECD987200D1C270013C63C /* Base */ = {isa = PBXFileReference; lastKnownFileType = file.storyboard; name = Base; path = InstagramClone/Base.lproj/Profile.storyboard; sourceTree = "<group>"; };
		B4ECD98A200D1F230013C63C /* AuthTextfield.swift */ = {isa = PBXFileReference; lastKnownFileType = sourcecode.swift; path = AuthTextfield.swift; sourceTree = "<group>"; };
		B4ECD98C200D20EC0013C63C /* RoundedImage.swift */ = {isa = PBXFileReference; lastKnownFileType = sourcecode.swift; path = RoundedImage.swift; sourceTree = "<group>"; };
		B4ECD98E200D25560013C63C /* GoogleService-Info.plist */ = {isa = PBXFileReference; fileEncoding = 4; lastKnownFileType = text.plist.xml; path = "GoogleService-Info.plist"; sourceTree = "<group>"; };
		B4ECD990200D2DB40013C63C /* DataService.swift */ = {isa = PBXFileReference; lastKnownFileType = sourcecode.swift; path = DataService.swift; sourceTree = "<group>"; };
/* End PBXFileReference section */

/* Begin PBXFrameworksBuildPhase section */
		B4B3CC6B200C449500C63BAC /* Frameworks */ = {
			isa = PBXFrameworksBuildPhase;
			buildActionMask = 2147483647;
			files = (
				F2EB41C74700AF1B99964F05 /* Pods_InstagramClone.framework in Frameworks */,
			);
			runOnlyForDeploymentPostprocessing = 0;
		};
/* End PBXFrameworksBuildPhase section */

/* Begin PBXGroup section */
		0AF8CF710BFD56996CCC7EE7 /* Pods */ = {
			isa = PBXGroup;
			children = (
				95E3731661D93EDD51A5DCAC /* Pods-InstagramClone.debug.xcconfig */,
				990741996192F3420D0344BD /* Pods-InstagramClone.release.xcconfig */,
			);
			name = Pods;
			sourceTree = "<group>";
		};
		299CBC5A3FF44018F926E16F /* Frameworks */ = {
			isa = PBXGroup;
			children = (
				98CD04F95D4C9247B59D1785 /* Pods_InstagramClone.framework */,
			);
			name = Frameworks;
			sourceTree = "<group>";
		};
		B4B3CC65200C449500C63BAC = {
			isa = PBXGroup;
			children = (
				B4B3CC70200C449500C63BAC /* InstagramClone */,
				B4B3CC6F200C449500C63BAC /* Products */,
				0AF8CF710BFD56996CCC7EE7 /* Pods */,
				299CBC5A3FF44018F926E16F /* Frameworks */,
			);
			sourceTree = "<group>";
		};
		B4B3CC6F200C449500C63BAC /* Products */ = {
			isa = PBXGroup;
			children = (
				B4B3CC6E200C449500C63BAC /* InstagramClone.app */,
			);
			name = Products;
			sourceTree = "<group>";
		};
		B4B3CC70200C449500C63BAC /* InstagramClone */ = {
			isa = PBXGroup;
			children = (
				B4B3CC88200C44E400C63BAC /* Services */,
				B4B3CC87200C44DD00C63BAC /* Resources */,
				B4B3CC86200C44D600C63BAC /* Utilities */,
				B4B3CC85200C44D000C63BAC /* Model */,
				B4B3CC84200C44C900C63BAC /* View */,
				B4B3CC83200C44C000C63BAC /* Controller */,
				B4B3CC71200C449500C63BAC /* AppDelegate.swift */,
				B4ECD989200D1D0B0013C63C /* StoryBoards */,
				B4B3CC78200C449500C63BAC /* Assets.xcassets */,
				B4B3CC7A200C449500C63BAC /* LaunchScreen.storyboard */,
				B4ECD98E200D25560013C63C /* GoogleService-Info.plist */,
				B4B3CC7D200C449500C63BAC /* Info.plist */,
			);
			path = InstagramClone;
			sourceTree = "<group>";
		};
		B4B3CC83200C44C000C63BAC /* Controller */ = {
			isa = PBXGroup;
			children = (
				B4ECD96D200CD5E60013C63C /* LoginVC.swift */,
				B4ECD96F200CD5FC0013C63C /* SignUpVC.swift */,
				B4ECD971200CDFF60013C63C /* HomeVC.swift */,
				B4ECD973200CE0060013C63C /* DiscoverVC.swift */,
				B4ECD975200CE0110013C63C /* PostVC.swift */,
				B4ECD977200CE01C0013C63C /* ActivityVC.swift */,
				B4ECD979200CE0260013C63C /* ProfileVC.swift */,
			);
			path = Controller;
			sourceTree = "<group>";
		};
		B4B3CC84200C44C900C63BAC /* View */ = {
			isa = PBXGroup;
			children = (
				B4ECD98A200D1F230013C63C /* AuthTextfield.swift */,
				B4ECD98C200D20EC0013C63C /* RoundedImage.swift */,
			);
			path = View;
			sourceTree = "<group>";
		};
		B4B3CC85200C44D000C63BAC /* Model */ = {
			isa = PBXGroup;
			children = (
			);
			path = Model;
			sourceTree = "<group>";
		};
		B4B3CC86200C44D600C63BAC /* Utilities */ = {
			isa = PBXGroup;
			children = (
				B4A40EE5200E8AFA008E1FB7 /* Constants.swift */,
			);
			path = Utilities;
			sourceTree = "<group>";
		};
		B4B3CC87200C44DD00C63BAC /* Resources */ = {
			isa = PBXGroup;
			children = (
				B4B7F00A2010E65C00597B06 /* ProgressHUD.bundle */,
				B4B7F0092010E65C00597B06 /* ProgressHUD.h */,
				B4B7F00B2010E65C00597B06 /* ProgressHUD.m */,
				B4B7F0082010E65B00597B06 /* InstagramClone-Bridging-Header.h */,
			);
			path = Resources;
			sourceTree = "<group>";
		};
		B4B3CC88200C44E400C63BAC /* Services */ = {
			isa = PBXGroup;
			children = (
				B4ECD990200D2DB40013C63C /* DataService.swift */,
			);
			path = Services;
			sourceTree = "<group>";
		};
		B4ECD989200D1D0B0013C63C /* StoryBoards */ = {
			isa = PBXGroup;
			children = (
				B4ECD97B200D17E10013C63C /* Start.storyboard */,
				B4B3CC75200C449500C63BAC /* Main.storyboard */,
				B4ECD97D200D1B380013C63C /* Home.storyboard */,
				B4ECD97F200D1B7E0013C63C /* Camera.storyboard */,
				B4ECD982200D1BBA0013C63C /* Discover.storyboard */,
				B4ECD984200D1BF60013C63C /* Activity.storyboard */,
				B4ECD986200D1C270013C63C /* Profile.storyboard */,
			);
			path = StoryBoards;
			sourceTree = "<group>";
		};
/* End PBXGroup section */

/* Begin PBXNativeTarget section */
		B4B3CC6D200C449500C63BAC /* InstagramClone */ = {
			isa = PBXNativeTarget;
			buildConfigurationList = B4B3CC80200C449500C63BAC /* Build configuration list for PBXNativeTarget "InstagramClone" */;
			buildPhases = (
				1406B760F8EB34C687A0A20C /* [CP] Check Pods Manifest.lock */,
				B4B3CC6A200C449500C63BAC /* Sources */,
				B4B3CC6B200C449500C63BAC /* Frameworks */,
				B4B3CC6C200C449500C63BAC /* Resources */,
				FDF2232B7527C99A1FEAF270 /* [CP] Embed Pods Frameworks */,
				ABF39C21BCB05A942D5E1AD4 /* [CP] Copy Pods Resources */,
			);
			buildRules = (
			);
			dependencies = (
			);
			name = InstagramClone;
			productName = InstagramClone;
			productReference = B4B3CC6E200C449500C63BAC /* InstagramClone.app */;
			productType = "com.apple.product-type.application";
		};
/* End PBXNativeTarget section */

/* Begin PBXProject section */
		B4B3CC66200C449500C63BAC /* Project object */ = {
			isa = PBXProject;
			attributes = {
				LastSwiftUpdateCheck = 0910;
				LastUpgradeCheck = 0910;
				ORGANIZATIONNAME = TKM;
				TargetAttributes = {
					B4B3CC6D200C449500C63BAC = {
						CreatedOnToolsVersion = 9.1;
						LastSwiftMigration = 0910;
						ProvisioningStyle = Automatic;
					};
				};
			};
			buildConfigurationList = B4B3CC69200C449500C63BAC /* Build configuration list for PBXProject "InstagramClone" */;
			compatibilityVersion = "Xcode 8.0";
			developmentRegion = en;
			hasScannedForEncodings = 0;
			knownRegions = (
				en,
				Base,
			);
			mainGroup = B4B3CC65200C449500C63BAC;
			productRefGroup = B4B3CC6F200C449500C63BAC /* Products */;
			projectDirPath = "";
			projectRoot = "";
			targets = (
				B4B3CC6D200C449500C63BAC /* InstagramClone */,
			);
		};
/* End PBXProject section */

/* Begin PBXResourcesBuildPhase section */
		B4B3CC6C200C449500C63BAC /* Resources */ = {
			isa = PBXResourcesBuildPhase;
			buildActionMask = 2147483647;
			files = (
				B4B7F00C2010E65D00597B06 /* ProgressHUD.bundle in Resources */,
				B4B3CC7C200C449500C63BAC /* LaunchScreen.storyboard in Resources */,
				B4ECD981200D1B7E0013C63C /* Camera.storyboard in Resources */,
				B4ECD97E200D1B380013C63C /* Home.storyboard in Resources */,
				B4ECD97C200D17E10013C63C /* Start.storyboard in Resources */,
				B4B3CC79200C449500C63BAC /* Assets.xcassets in Resources */,
				B4ECD983200D1BBA0013C63C /* Discover.storyboard in Resources */,
				B4ECD988200D1C270013C63C /* Profile.storyboard in Resources */,
				B4ECD98F200D25570013C63C /* GoogleService-Info.plist in Resources */,
				B4B3CC77200C449500C63BAC /* Main.storyboard in Resources */,
				B4ECD985200D1BF60013C63C /* Activity.storyboard in Resources */,
			);
			runOnlyForDeploymentPostprocessing = 0;
		};
/* End PBXResourcesBuildPhase section */

/* Begin PBXShellScriptBuildPhase section */
		1406B760F8EB34C687A0A20C /* [CP] Check Pods Manifest.lock */ = {
			isa = PBXShellScriptBuildPhase;
			buildActionMask = 2147483647;
			files = (
			);
			inputPaths = (
				"${PODS_PODFILE_DIR_PATH}/Podfile.lock",
				"${PODS_ROOT}/Manifest.lock",
			);
			name = "[CP] Check Pods Manifest.lock";
			outputPaths = (
				"$(DERIVED_FILE_DIR)/Pods-InstagramClone-checkManifestLockResult.txt",
			);
			runOnlyForDeploymentPostprocessing = 0;
			shellPath = /bin/sh;
			shellScript = "diff \"${PODS_PODFILE_DIR_PATH}/Podfile.lock\" \"${PODS_ROOT}/Manifest.lock\" > /dev/null\nif [ $? != 0 ] ; then\n    # print error to STDERR\n    echo \"error: The sandbox is not in sync with the Podfile.lock. Run 'pod install' or update your CocoaPods installation.\" >&2\n    exit 1\nfi\n# This output is used by Xcode 'outputs' to avoid re-running this script phase.\necho \"SUCCESS\" > \"${SCRIPT_OUTPUT_FILE_0}\"\n";
			showEnvVarsInLog = 0;
		};
		ABF39C21BCB05A942D5E1AD4 /* [CP] Copy Pods Resources */ = {
			isa = PBXShellScriptBuildPhase;
			buildActionMask = 2147483647;
			files = (
			);
			inputPaths = (
			);
			name = "[CP] Copy Pods Resources";
			outputPaths = (
			);
			runOnlyForDeploymentPostprocessing = 0;
			shellPath = /bin/sh;
			shellScript = "\"${SRCROOT}/Pods/Target Support Files/Pods-InstagramClone/Pods-InstagramClone-resources.sh\"\n";
			showEnvVarsInLog = 0;
		};
		FDF2232B7527C99A1FEAF270 /* [CP] Embed Pods Frameworks */ = {
			isa = PBXShellScriptBuildPhase;
			buildActionMask = 2147483647;
			files = (
			);
			inputPaths = (
				"${SRCROOT}/Pods/Target Support Files/Pods-InstagramClone/Pods-InstagramClone-frameworks.sh",
				"${BUILT_PRODUCTS_DIR}/GTMSessionFetcher/GTMSessionFetcher.framework",
				"${BUILT_PRODUCTS_DIR}/GoogleToolboxForMac/GoogleToolboxForMac.framework",
				"${BUILT_PRODUCTS_DIR}/leveldb-library/leveldb.framework",
				"${BUILT_PRODUCTS_DIR}/nanopb/nanopb.framework",
			);
			name = "[CP] Embed Pods Frameworks";
			outputPaths = (
				"${TARGET_BUILD_DIR}/${FRAMEWORKS_FOLDER_PATH}/GTMSessionFetcher.framework",
				"${TARGET_BUILD_DIR}/${FRAMEWORKS_FOLDER_PATH}/GoogleToolboxForMac.framework",
				"${TARGET_BUILD_DIR}/${FRAMEWORKS_FOLDER_PATH}/leveldb.framework",
				"${TARGET_BUILD_DIR}/${FRAMEWORKS_FOLDER_PATH}/nanopb.framework",
			);
			runOnlyForDeploymentPostprocessing = 0;
			shellPath = /bin/sh;
			shellScript = "\"${SRCROOT}/Pods/Target Support Files/Pods-InstagramClone/Pods-InstagramClone-frameworks.sh\"\n";
			showEnvVarsInLog = 0;
		};
/* End PBXShellScriptBuildPhase section */

/* Begin PBXSourcesBuildPhase section */
		B4B3CC6A200C449500C63BAC /* Sources */ = {
			isa = PBXSourcesBuildPhase;
			buildActionMask = 2147483647;
			files = (
				B4ECD976200CE0110013C63C /* PostVC.swift in Sources */,
				B4B7F00D2010E65D00597B06 /* ProgressHUD.m in Sources */,
				B4ECD96E200CD5E60013C63C /* LoginVC.swift in Sources */,
				B4ECD974200CE0060013C63C /* DiscoverVC.swift in Sources */,
				B4ECD972200CDFF60013C63C /* HomeVC.swift in Sources */,
				B4ECD97A200CE0260013C63C /* ProfileVC.swift in Sources */,
				B4ECD991200D2DB40013C63C /* DataService.swift in Sources */,
				B4ECD970200CD5FC0013C63C /* SignUpVC.swift in Sources */,
				B4ECD98B200D1F230013C63C /* AuthTextfield.swift in Sources */,
				B4ECD98D200D20EC0013C63C /* RoundedImage.swift in Sources */,
				B4ECD978200CE01C0013C63C /* ActivityVC.swift in Sources */,
				B4B3CC72200C449500C63BAC /* AppDelegate.swift in Sources */,
				B4A40EE6200E8AFA008E1FB7 /* Constants.swift in Sources */,
			);
			runOnlyForDeploymentPostprocessing = 0;
		};
/* End PBXSourcesBuildPhase section */

/* Begin PBXVariantGroup section */
		B4B3CC75200C449500C63BAC /* Main.storyboard */ = {
			isa = PBXVariantGroup;
			children = (
				B4B3CC76200C449500C63BAC /* Base */,
			);
			name = Main.storyboard;
			sourceTree = "<group>";
		};
		B4B3CC7A200C449500C63BAC /* LaunchScreen.storyboard */ = {
			isa = PBXVariantGroup;
			children = (
				B4B3CC7B200C449500C63BAC /* Base */,
			);
			name = LaunchScreen.storyboard;
			sourceTree = "<group>";
		};
		B4ECD97F200D1B7E0013C63C /* Camera.storyboard */ = {
			isa = PBXVariantGroup;
			children = (
				B4ECD980200D1B7E0013C63C /* Base */,
			);
			name = Camera.storyboard;
			sourceTree = "<group>";
		};
		B4ECD986200D1C270013C63C /* Profile.storyboard */ = {
			isa = PBXVariantGroup;
			children = (
				B4ECD987200D1C270013C63C /* Base */,
			);
			name = Profile.storyboard;
			sourceTree = "<group>";
		};
/* End PBXVariantGroup section */

/* Begin XCBuildConfiguration section */
		B4B3CC7E200C449500C63BAC /* Debug */ = {
			isa = XCBuildConfiguration;
			buildSettings = {
				ALWAYS_SEARCH_USER_PATHS = NO;
				CLANG_ANALYZER_NONNULL = YES;
				CLANG_ANALYZER_NUMBER_OBJECT_CONVERSION = YES_AGGRESSIVE;
				CLANG_CXX_LANGUAGE_STANDARD = "gnu++14";
				CLANG_CXX_LIBRARY = "libc++";
				CLANG_ENABLE_MODULES = YES;
				CLANG_ENABLE_OBJC_ARC = YES;
				CLANG_WARN_BLOCK_CAPTURE_AUTORELEASING = YES;
				CLANG_WARN_BOOL_CONVERSION = YES;
				CLANG_WARN_COMMA = YES;
				CLANG_WARN_CONSTANT_CONVERSION = YES;
				CLANG_WARN_DIRECT_OBJC_ISA_USAGE = YES_ERROR;
				CLANG_WARN_DOCUMENTATION_COMMENTS = YES;
				CLANG_WARN_EMPTY_BODY = YES;
				CLANG_WARN_ENUM_CONVERSION = YES;
				CLANG_WARN_INFINITE_RECURSION = YES;
				CLANG_WARN_INT_CONVERSION = YES;
				CLANG_WARN_NON_LITERAL_NULL_CONVERSION = YES;
				CLANG_WARN_OBJC_LITERAL_CONVERSION = YES;
				CLANG_WARN_OBJC_ROOT_CLASS = YES_ERROR;
				CLANG_WARN_RANGE_LOOP_ANALYSIS = YES;
				CLANG_WARN_STRICT_PROTOTYPES = YES;
				CLANG_WARN_SUSPICIOUS_MOVE = YES;
				CLANG_WARN_UNGUARDED_AVAILABILITY = YES_AGGRESSIVE;
				CLANG_WARN_UNREACHABLE_CODE = YES;
				CLANG_WARN__DUPLICATE_METHOD_MATCH = YES;
				CODE_SIGN_IDENTITY = "iPhone Developer";
				COPY_PHASE_STRIP = NO;
				DEBUG_INFORMATION_FORMAT = dwarf;
				ENABLE_STRICT_OBJC_MSGSEND = YES;
				ENABLE_TESTABILITY = YES;
				GCC_C_LANGUAGE_STANDARD = gnu11;
				GCC_DYNAMIC_NO_PIC = NO;
				GCC_NO_COMMON_BLOCKS = YES;
				GCC_OPTIMIZATION_LEVEL = 0;
				GCC_PREPROCESSOR_DEFINITIONS = (
					"DEBUG=1",
					"$(inherited)",
				);
				GCC_WARN_64_TO_32_BIT_CONVERSION = YES;
				GCC_WARN_ABOUT_RETURN_TYPE = YES_ERROR;
				GCC_WARN_UNDECLARED_SELECTOR = YES;
				GCC_WARN_UNINITIALIZED_AUTOS = YES_AGGRESSIVE;
				GCC_WARN_UNUSED_FUNCTION = YES;
				GCC_WARN_UNUSED_VARIABLE = YES;
				IPHONEOS_DEPLOYMENT_TARGET = 11.1;
				MTL_ENABLE_DEBUG_INFO = YES;
				ONLY_ACTIVE_ARCH = YES;
				SDKROOT = iphoneos;
				SWIFT_ACTIVE_COMPILATION_CONDITIONS = DEBUG;
				SWIFT_OPTIMIZATION_LEVEL = "-Onone";
			};
			name = Debug;
		};
		B4B3CC7F200C449500C63BAC /* Release */ = {
			isa = XCBuildConfiguration;
			buildSettings = {
				ALWAYS_SEARCH_USER_PATHS = NO;
				CLANG_ANALYZER_NONNULL = YES;
				CLANG_ANALYZER_NUMBER_OBJECT_CONVERSION = YES_AGGRESSIVE;
				CLANG_CXX_LANGUAGE_STANDARD = "gnu++14";
				CLANG_CXX_LIBRARY = "libc++";
				CLANG_ENABLE_MODULES = YES;
				CLANG_ENABLE_OBJC_ARC = YES;
				CLANG_WARN_BLOCK_CAPTURE_AUTORELEASING = YES;
				CLANG_WARN_BOOL_CONVERSION = YES;
				CLANG_WARN_COMMA = YES;
				CLANG_WARN_CONSTANT_CONVERSION = YES;
				CLANG_WARN_DIRECT_OBJC_ISA_USAGE = YES_ERROR;
				CLANG_WARN_DOCUMENTATION_COMMENTS = YES;
				CLANG_WARN_EMPTY_BODY = YES;
				CLANG_WARN_ENUM_CONVERSION = YES;
				CLANG_WARN_INFINITE_RECURSION = YES;
				CLANG_WARN_INT_CONVERSION = YES;
				CLANG_WARN_NON_LITERAL_NULL_CONVERSION = YES;
				CLANG_WARN_OBJC_LITERAL_CONVERSION = YES;
				CLANG_WARN_OBJC_ROOT_CLASS = YES_ERROR;
				CLANG_WARN_RANGE_LOOP_ANALYSIS = YES;
				CLANG_WARN_STRICT_PROTOTYPES = YES;
				CLANG_WARN_SUSPICIOUS_MOVE = YES;
				CLANG_WARN_UNGUARDED_AVAILABILITY = YES_AGGRESSIVE;
				CLANG_WARN_UNREACHABLE_CODE = YES;
				CLANG_WARN__DUPLICATE_METHOD_MATCH = YES;
				CODE_SIGN_IDENTITY = "iPhone Developer";
				COPY_PHASE_STRIP = NO;
				DEBUG_INFORMATION_FORMAT = "dwarf-with-dsym";
				ENABLE_NS_ASSERTIONS = NO;
				ENABLE_STRICT_OBJC_MSGSEND = YES;
				GCC_C_LANGUAGE_STANDARD = gnu11;
				GCC_NO_COMMON_BLOCKS = YES;
				GCC_WARN_64_TO_32_BIT_CONVERSION = YES;
				GCC_WARN_ABOUT_RETURN_TYPE = YES_ERROR;
				GCC_WARN_UNDECLARED_SELECTOR = YES;
				GCC_WARN_UNINITIALIZED_AUTOS = YES_AGGRESSIVE;
				GCC_WARN_UNUSED_FUNCTION = YES;
				GCC_WARN_UNUSED_VARIABLE = YES;
				IPHONEOS_DEPLOYMENT_TARGET = 11.1;
				MTL_ENABLE_DEBUG_INFO = NO;
				SDKROOT = iphoneos;
				SWIFT_OPTIMIZATION_LEVEL = "-Owholemodule";
				VALIDATE_PRODUCT = YES;
			};
			name = Release;
		};
		B4B3CC81200C449500C63BAC /* Debug */ = {
			isa = XCBuildConfiguration;
			baseConfigurationReference = 95E3731661D93EDD51A5DCAC /* Pods-InstagramClone.debug.xcconfig */;
			buildSettings = {
				ASSETCATALOG_COMPILER_APPICON_NAME = AppIcon;
				CLANG_ENABLE_MODULES = YES;
				CODE_SIGN_STYLE = Automatic;
				DEVELOPMENT_TEAM = 92BBSY6F64;
				INFOPLIST_FILE = InstagramClone/Info.plist;
				IPHONEOS_DEPLOYMENT_TARGET = 11.0;
				LD_RUNPATH_SEARCH_PATHS = "$(inherited) @executable_path/Frameworks";
				PRODUCT_BUNDLE_IDENTIFIER = com.TheknightMarket.InstagramClone;
				PRODUCT_NAME = "$(TARGET_NAME)";
				SWIFT_OBJC_BRIDGING_HEADER = "InstagramClone/Resources/InstagramClone-Bridging-Header.h";
				SWIFT_OPTIMIZATION_LEVEL = "-Onone";
				SWIFT_VERSION = 4.0;
				TARGETED_DEVICE_FAMILY = "1,2";
			};
			name = Debug;
		};
		B4B3CC82200C449500C63BAC /* Release */ = {
			isa = XCBuildConfiguration;
			baseConfigurationReference = 990741996192F3420D0344BD /* Pods-InstagramClone.release.xcconfig */;
			buildSettings = {
				ASSETCATALOG_COMPILER_APPICON_NAME = AppIcon;
				CLANG_ENABLE_MODULES = YES;
				CODE_SIGN_STYLE = Automatic;
				DEVELOPMENT_TEAM = 92BBSY6F64;
				INFOPLIST_FILE = InstagramClone/Info.plist;
				IPHONEOS_DEPLOYMENT_TARGET = 11.0;
				LD_RUNPATH_SEARCH_PATHS = "$(inherited) @executable_path/Frameworks";
				PRODUCT_BUNDLE_IDENTIFIER = com.TheknightMarket.InstagramClone;
				PRODUCT_NAME = "$(TARGET_NAME)";
				SWIFT_OBJC_BRIDGING_HEADER = "InstagramClone/Resources/InstagramClone-Bridging-Header.h";
				SWIFT_VERSION = 4.0;
				TARGETED_DEVICE_FAMILY = "1,2";
			};
			name = Release;
		};
/* End XCBuildConfiguration section */

/* Begin XCConfigurationList section */
		B4B3CC69200C449500C63BAC /* Build configuration list for PBXProject "InstagramClone" */ = {
			isa = XCConfigurationList;
			buildConfigurations = (
				B4B3CC7E200C449500C63BAC /* Debug */,
				B4B3CC7F200C449500C63BAC /* Release */,
			);
			defaultConfigurationIsVisible = 0;
			defaultConfigurationName = Release;
		};
		B4B3CC80200C449500C63BAC /* Build configuration list for PBXNativeTarget "InstagramClone" */ = {
			isa = XCConfigurationList;
			buildConfigurations = (
				B4B3CC81200C449500C63BAC /* Debug */,
				B4B3CC82200C449500C63BAC /* Release */,
			);
			defaultConfigurationIsVisible = 0;
			defaultConfigurationName = Release;
		};
/* End XCConfigurationList section */
	};
	rootObject = B4B3CC66200C449500C63BAC /* Project object */;
}
